// !$*UTF8*$!
{
	archiveVersion = 1;
	classes = {
	};
	objectVersion = 55;
	objects = {

/* Begin PBXBuildFile section */
		66651CF12A1E6B880093A3F3 /* WaitingRoomView.swift in Sources */ = {isa = PBXBuildFile; fileRef = 66651CF02A1E6B870093A3F3 /* WaitingRoomView.swift */; };
		668546AF2A1A103600ECA167 /* Room.swift in Sources */ = {isa = PBXBuildFile; fileRef = 668546AE2A1A103600ECA167 /* Room.swift */; };
		668546B12A1A16A100ECA167 /* AddRoomView.swift in Sources */ = {isa = PBXBuildFile; fileRef = 668546B02A1A16A100ECA167 /* AddRoomView.swift */; };
		668546B32A1A1DFE00ECA167 /* RoomsView.swift in Sources */ = {isa = PBXBuildFile; fileRef = 668546B22A1A1DFE00ECA167 /* RoomsView.swift */; };
		668546B52A1A3FDA00ECA167 /* EditRoomView.swift in Sources */ = {isa = PBXBuildFile; fileRef = 668546B42A1A3FDA00ECA167 /* EditRoomView.swift */; };
		66F38C662A195E060078BA09 /* AliasGameApp.swift in Sources */ = {isa = PBXBuildFile; fileRef = 66F38C652A195E060078BA09 /* AliasGameApp.swift */; };
		66F38C682A195E060078BA09 /* ContentView.swift in Sources */ = {isa = PBXBuildFile; fileRef = 66F38C672A195E060078BA09 /* ContentView.swift */; };
		66F38C6A2A195E080078BA09 /* Assets.xcassets in Resources */ = {isa = PBXBuildFile; fileRef = 66F38C692A195E080078BA09 /* Assets.xcassets */; };
		66F38C6D2A195E080078BA09 /* Preview Assets.xcassets in Resources */ = {isa = PBXBuildFile; fileRef = 66F38C6C2A195E080078BA09 /* Preview Assets.xcassets */; };
		66F38C752A195E6F0078BA09 /* AuthView.swift in Sources */ = {isa = PBXBuildFile; fileRef = 66F38C742A195E6F0078BA09 /* AuthView.swift */; };
		66F38C782A195EC10078BA09 /* User.swift in Sources */ = {isa = PBXBuildFile; fileRef = 66F38C772A195EC10078BA09 /* User.swift */; };
		66F38C7B2A195FA60078BA09 /* NetworkService.swift in Sources */ = {isa = PBXBuildFile; fileRef = 66F38C7A2A195FA60078BA09 /* NetworkService.swift */; };
		66F38C7D2A19617F0078BA09 /* StartView.swift in Sources */ = {isa = PBXBuildFile; fileRef = 66F38C7C2A19617F0078BA09 /* StartView.swift */; };
/* End PBXBuildFile section */

/* Begin PBXFileReference section */
		66651CF02A1E6B870093A3F3 /* WaitingRoomView.swift */ = {isa = PBXFileReference; lastKnownFileType = sourcecode.swift; path = WaitingRoomView.swift; sourceTree = "<group>"; };
		668546AE2A1A103600ECA167 /* Room.swift */ = {isa = PBXFileReference; lastKnownFileType = sourcecode.swift; path = Room.swift; sourceTree = "<group>"; };
		668546B02A1A16A100ECA167 /* AddRoomView.swift */ = {isa = PBXFileReference; lastKnownFileType = sourcecode.swift; path = AddRoomView.swift; sourceTree = "<group>"; };
		668546B22A1A1DFE00ECA167 /* RoomsView.swift */ = {isa = PBXFileReference; lastKnownFileType = sourcecode.swift; path = RoomsView.swift; sourceTree = "<group>"; };
		668546B42A1A3FDA00ECA167 /* EditRoomView.swift */ = {isa = PBXFileReference; lastKnownFileType = sourcecode.swift; path = EditRoomView.swift; sourceTree = "<group>"; };
		66F38C622A195E060078BA09 /* AliasGame.app */ = {isa = PBXFileReference; explicitFileType = wrapper.application; includeInIndex = 0; path = AliasGame.app; sourceTree = BUILT_PRODUCTS_DIR; };
		66F38C652A195E060078BA09 /* AliasGameApp.swift */ = {isa = PBXFileReference; lastKnownFileType = sourcecode.swift; path = AliasGameApp.swift; sourceTree = "<group>"; };
		66F38C672A195E060078BA09 /* ContentView.swift */ = {isa = PBXFileReference; lastKnownFileType = sourcecode.swift; path = ContentView.swift; sourceTree = "<group>"; };
		66F38C692A195E080078BA09 /* Assets.xcassets */ = {isa = PBXFileReference; lastKnownFileType = folder.assetcatalog; path = Assets.xcassets; sourceTree = "<group>"; };
		66F38C6C2A195E080078BA09 /* Preview Assets.xcassets */ = {isa = PBXFileReference; lastKnownFileType = folder.assetcatalog; path = "Preview Assets.xcassets"; sourceTree = "<group>"; };
		66F38C742A195E6F0078BA09 /* AuthView.swift */ = {isa = PBXFileReference; lastKnownFileType = sourcecode.swift; path = AuthView.swift; sourceTree = "<group>"; };
		66F38C772A195EC10078BA09 /* User.swift */ = {isa = PBXFileReference; lastKnownFileType = sourcecode.swift; path = User.swift; sourceTree = "<group>"; };
		66F38C7A2A195FA60078BA09 /* NetworkService.swift */ = {isa = PBXFileReference; lastKnownFileType = sourcecode.swift; path = NetworkService.swift; sourceTree = "<group>"; };
		66F38C7C2A19617F0078BA09 /* StartView.swift */ = {isa = PBXFileReference; lastKnownFileType = sourcecode.swift; path = StartView.swift; sourceTree = "<group>"; };
/* End PBXFileReference section */

/* Begin PBXFrameworksBuildPhase section */
		66F38C5F2A195E060078BA09 /* Frameworks */ = {
			isa = PBXFrameworksBuildPhase;
			buildActionMask = 2147483647;
			files = (
			);
			runOnlyForDeploymentPostprocessing = 0;
		};
/* End PBXFrameworksBuildPhase section */

/* Begin PBXGroup section */
		66F38C592A195E060078BA09 = {
			isa = PBXGroup;
			children = (
				66F38C642A195E060078BA09 /* AliasGame */,
				66F38C632A195E060078BA09 /* Products */,
			);
			sourceTree = "<group>";
		};
		66F38C632A195E060078BA09 /* Products */ = {
			isa = PBXGroup;
			children = (
				66F38C622A195E060078BA09 /* AliasGame.app */,
			);
			name = Products;
			sourceTree = "<group>";
		};
		66F38C642A195E060078BA09 /* AliasGame */ = {
			isa = PBXGroup;
			children = (
				66F38C792A195F950078BA09 /* Controller */,
				66F38C762A195EB50078BA09 /* Model */,
				66F38C732A195E520078BA09 /* View */,
				66F38C652A195E060078BA09 /* AliasGameApp.swift */,
				66F38C692A195E080078BA09 /* Assets.xcassets */,
				66F38C6B2A195E080078BA09 /* Preview Content */,
			);
			path = AliasGame;
			sourceTree = "<group>";
		};
		66F38C6B2A195E080078BA09 /* Preview Content */ = {
			isa = PBXGroup;
			children = (
				66F38C6C2A195E080078BA09 /* Preview Assets.xcassets */,
			);
			path = "Preview Content";
			sourceTree = "<group>";
		};
		66F38C732A195E520078BA09 /* View */ = {
			isa = PBXGroup;
			children = (
				66F38C672A195E060078BA09 /* ContentView.swift */,
				66F38C742A195E6F0078BA09 /* AuthView.swift */,
				66F38C7C2A19617F0078BA09 /* StartView.swift */,
				668546B02A1A16A100ECA167 /* AddRoomView.swift */,
				668546B22A1A1DFE00ECA167 /* RoomsView.swift */,
				668546B42A1A3FDA00ECA167 /* EditRoomView.swift */,
				66651CF02A1E6B870093A3F3 /* WaitingRoomView.swift */,
			);
			path = View;
			sourceTree = "<group>";
		};
		66F38C762A195EB50078BA09 /* Model */ = {
			isa = PBXGroup;
			children = (
				66F38C772A195EC10078BA09 /* User.swift */,
				668546AE2A1A103600ECA167 /* Room.swift */,
			);
			path = Model;
			sourceTree = "<group>";
		};
		66F38C792A195F950078BA09 /* Controller */ = {
			isa = PBXGroup;
			children = (
				66F38C7A2A195FA60078BA09 /* NetworkService.swift */,
			);
			path = Controller;
			sourceTree = "<group>";
		};
/* End PBXGroup section */

/* Begin PBXNativeTarget section */
		66F38C612A195E060078BA09 /* AliasGame */ = {
			isa = PBXNativeTarget;
			buildConfigurationList = 66F38C702A195E080078BA09 /* Build configuration list for PBXNativeTarget "AliasGame" */;
			buildPhases = (
				66F38C5E2A195E060078BA09 /* Sources */,
				66F38C5F2A195E060078BA09 /* Frameworks */,
				66F38C602A195E060078BA09 /* Resources */,
			);
			buildRules = (
			);
			dependencies = (
			);
			name = AliasGame;
			productName = AliasGame;
			productReference = 66F38C622A195E060078BA09 /* AliasGame.app */;
			productType = "com.apple.product-type.application";
		};
/* End PBXNativeTarget section */

/* Begin PBXProject section */
		66F38C5A2A195E060078BA09 /* Project object */ = {
			isa = PBXProject;
			attributes = {
				BuildIndependentTargetsInParallel = 1;
				LastSwiftUpdateCheck = 1330;
				LastUpgradeCheck = 1330;
				TargetAttributes = {
					66F38C612A195E060078BA09 = {
						CreatedOnToolsVersion = 13.3;
					};
				};
			};
			buildConfigurationList = 66F38C5D2A195E060078BA09 /* Build configuration list for PBXProject "AliasGame" */;
			compatibilityVersion = "Xcode 13.0";
			developmentRegion = en;
			hasScannedForEncodings = 0;
			knownRegions = (
				en,
				Base,
			);
			mainGroup = 66F38C592A195E060078BA09;
			productRefGroup = 66F38C632A195E060078BA09 /* Products */;
			projectDirPath = "";
			projectRoot = "";
			targets = (
				66F38C612A195E060078BA09 /* AliasGame */,
			);
		};
/* End PBXProject section */

/* Begin PBXResourcesBuildPhase section */
		66F38C602A195E060078BA09 /* Resources */ = {
			isa = PBXResourcesBuildPhase;
			buildActionMask = 2147483647;
			files = (
				66F38C6D2A195E080078BA09 /* Preview Assets.xcassets in Resources */,
				66F38C6A2A195E080078BA09 /* Assets.xcassets in Resources */,
			);
			runOnlyForDeploymentPostprocessing = 0;
		};
/* End PBXResourcesBuildPhase section */

/* Begin PBXSourcesBuildPhase section */
		66F38C5E2A195E060078BA09 /* Sources */ = {
			isa = PBXSourcesBuildPhase;
			buildActionMask = 2147483647;
			files = (
				668546B32A1A1DFE00ECA167 /* RoomsView.swift in Sources */,
				66F38C7B2A195FA60078BA09 /* NetworkService.swift in Sources */,
				66F38C782A195EC10078BA09 /* User.swift in Sources */,
				668546AF2A1A103600ECA167 /* Room.swift in Sources */,
				66F38C682A195E060078BA09 /* ContentView.swift in Sources */,
				668546B52A1A3FDA00ECA167 /* EditRoomView.swift in Sources */,
				66651CF12A1E6B880093A3F3 /* WaitingRoomView.swift in Sources */,
				66F38C7D2A19617F0078BA09 /* StartView.swift in Sources */,
				668546B12A1A16A100ECA167 /* AddRoomView.swift in Sources */,
				66F38C662A195E060078BA09 /* AliasGameApp.swift in Sources */,
				66F38C752A195E6F0078BA09 /* AuthView.swift in Sources */,
			);
			runOnlyForDeploymentPostprocessing = 0;
		};
/* End PBXSourcesBuildPhase section */

/* Begin XCBuildConfiguration section */
		66F38C6E2A195E080078BA09 /* Debug */ = {
			isa = XCBuildConfiguration;
			buildSettings = {
				ALWAYS_SEARCH_USER_PATHS = NO;
				CLANG_ANALYZER_NONNULL = YES;
				CLANG_ANALYZER_NUMBER_OBJECT_CONVERSION = YES_AGGRESSIVE;
				CLANG_CXX_LANGUAGE_STANDARD = "gnu++17";
				CLANG_ENABLE_MODULES = YES;
				CLANG_ENABLE_OBJC_ARC = YES;
				CLANG_ENABLE_OBJC_WEAK = YES;
				CLANG_WARN_BLOCK_CAPTURE_AUTORELEASING = YES;
				CLANG_WARN_BOOL_CONVERSION = YES;
				CLANG_WARN_COMMA = YES;
				CLANG_WARN_CONSTANT_CONVERSION = YES;
				CLANG_WARN_DEPRECATED_OBJC_IMPLEMENTATIONS = YES;
				CLANG_WARN_DIRECT_OBJC_ISA_USAGE = YES_ERROR;
				CLANG_WARN_DOCUMENTATION_COMMENTS = YES;
				CLANG_WARN_EMPTY_BODY = YES;
				CLANG_WARN_ENUM_CONVERSION = YES;
				CLANG_WARN_INFINITE_RECURSION = YES;
				CLANG_WARN_INT_CONVERSION = YES;
				CLANG_WARN_NON_LITERAL_NULL_CONVERSION = YES;
				CLANG_WARN_OBJC_IMPLICIT_RETAIN_SELF = YES;
				CLANG_WARN_OBJC_LITERAL_CONVERSION = YES;
				CLANG_WARN_OBJC_ROOT_CLASS = YES_ERROR;
				CLANG_WARN_QUOTED_INCLUDE_IN_FRAMEWORK_HEADER = YES;
				CLANG_WARN_RANGE_LOOP_ANALYSIS = YES;
				CLANG_WARN_STRICT_PROTOTYPES = YES;
				CLANG_WARN_SUSPICIOUS_MOVE = YES;
				CLANG_WARN_UNGUARDED_AVAILABILITY = YES_AGGRESSIVE;
				CLANG_WARN_UNREACHABLE_CODE = YES;
				CLANG_WARN__DUPLICATE_METHOD_MATCH = YES;
				COPY_PHASE_STRIP = NO;
				DEBUG_INFORMATION_FORMAT = dwarf;
				ENABLE_STRICT_OBJC_MSGSEND = YES;
				ENABLE_TESTABILITY = YES;
				GCC_C_LANGUAGE_STANDARD = gnu11;
				GCC_DYNAMIC_NO_PIC = NO;
				GCC_NO_COMMON_BLOCKS = YES;
				GCC_OPTIMIZATION_LEVEL = 0;
				GCC_PREPROCESSOR_DEFINITIONS = (
					"DEBUG=1",
					"$(inherited)",
				);
				GCC_WARN_64_TO_32_BIT_CONVERSION = YES;
				GCC_WARN_ABOUT_RETURN_TYPE = YES_ERROR;
				GCC_WARN_UNDECLARED_SELECTOR = YES;
				GCC_WARN_UNINITIALIZED_AUTOS = YES_AGGRESSIVE;
				GCC_WARN_UNUSED_FUNCTION = YES;
				GCC_WARN_UNUSED_VARIABLE = YES;
				IPHONEOS_DEPLOYMENT_TARGET = 15.4;
				MTL_ENABLE_DEBUG_INFO = INCLUDE_SOURCE;
				MTL_FAST_MATH = YES;
				ONLY_ACTIVE_ARCH = YES;
				SDKROOT = iphoneos;
				SWIFT_ACTIVE_COMPILATION_CONDITIONS = DEBUG;
				SWIFT_OPTIMIZATION_LEVEL = "-Onone";
			};
			name = Debug;
		};
		66F38C6F2A195E080078BA09 /* Release */ = {
			isa = XCBuildConfiguration;
			buildSettings = {
				ALWAYS_SEARCH_USER_PATHS = NO;
				CLANG_ANALYZER_NONNULL = YES;
				CLANG_ANALYZER_NUMBER_OBJECT_CONVERSION = YES_AGGRESSIVE;
				CLANG_CXX_LANGUAGE_STANDARD = "gnu++17";
				CLANG_ENABLE_MODULES = YES;
				CLANG_ENABLE_OBJC_ARC = YES;
				CLANG_ENABLE_OBJC_WEAK = YES;
				CLANG_WARN_BLOCK_CAPTURE_AUTORELEASING = YES;
				CLANG_WARN_BOOL_CONVERSION = YES;
				CLANG_WARN_COMMA = YES;
				CLANG_WARN_CONSTANT_CONVERSION = YES;
				CLANG_WARN_DEPRECATED_OBJC_IMPLEMENTATIONS = YES;
				CLANG_WARN_DIRECT_OBJC_ISA_USAGE = YES_ERROR;
				CLANG_WARN_DOCUMENTATION_COMMENTS = YES;
				CLANG_WARN_EMPTY_BODY = YES;
				CLANG_WARN_ENUM_CONVERSION = YES;
				CLANG_WARN_INFINITE_RECURSION = YES;
				CLANG_WARN_INT_CONVERSION = YES;
				CLANG_WARN_NON_LITERAL_NULL_CONVERSION = YES;
				CLANG_WARN_OBJC_IMPLICIT_RETAIN_SELF = YES;
				CLANG_WARN_OBJC_LITERAL_CONVERSION = YES;
				CLANG_WARN_OBJC_ROOT_CLASS = YES_ERROR;
				CLANG_WARN_QUOTED_INCLUDE_IN_FRAMEWORK_HEADER = YES;
				CLANG_WARN_RANGE_LOOP_ANALYSIS = YES;
				CLANG_WARN_STRICT_PROTOTYPES = YES;
				CLANG_WARN_SUSPICIOUS_MOVE = YES;
				CLANG_WARN_UNGUARDED_AVAILABILITY = YES_AGGRESSIVE;
				CLANG_WARN_UNREACHABLE_CODE = YES;
				CLANG_WARN__DUPLICATE_METHOD_MATCH = YES;
				COPY_PHASE_STRIP = NO;
				DEBUG_INFORMATION_FORMAT = "dwarf-with-dsym";
				ENABLE_NS_ASSERTIONS = NO;
				ENABLE_STRICT_OBJC_MSGSEND = YES;
				GCC_C_LANGUAGE_STANDARD = gnu11;
				GCC_NO_COMMON_BLOCKS = YES;
				GCC_WARN_64_TO_32_BIT_CONVERSION = YES;
				GCC_WARN_ABOUT_RETURN_TYPE = YES_ERROR;
				GCC_WARN_UNDECLARED_SELECTOR = YES;
				GCC_WARN_UNINITIALIZED_AUTOS = YES_AGGRESSIVE;
				GCC_WARN_UNUSED_FUNCTION = YES;
				GCC_WARN_UNUSED_VARIABLE = YES;
				IPHONEOS_DEPLOYMENT_TARGET = 15.4;
				MTL_ENABLE_DEBUG_INFO = NO;
				MTL_FAST_MATH = YES;
				SDKROOT = iphoneos;
				SWIFT_COMPILATION_MODE = wholemodule;
				SWIFT_OPTIMIZATION_LEVEL = "-O";
				VALIDATE_PRODUCT = YES;
			};
			name = Release;
		};
		66F38C712A195E080078BA09 /* Debug */ = {
			isa = XCBuildConfiguration;
			buildSettings = {
				ASSETCATALOG_COMPILER_APPICON_NAME = AppIcon;
				ASSETCATALOG_COMPILER_GLOBAL_ACCENT_COLOR_NAME = AccentColor;
				CODE_SIGN_STYLE = Automatic;
				CURRENT_PROJECT_VERSION = 1;
				DEVELOPMENT_ASSET_PATHS = "\"AliasGame/Preview Content\"";
				DEVELOPMENT_TEAM = X65CKATVX3;
				ENABLE_PREVIEWS = YES;
				GENERATE_INFOPLIST_FILE = YES;
				INFOPLIST_KEY_UIApplicationSceneManifest_Generation = YES;
				INFOPLIST_KEY_UIApplicationSupportsIndirectInputEvents = YES;
				INFOPLIST_KEY_UILaunchScreen_Generation = YES;
				INFOPLIST_KEY_UISupportedInterfaceOrientations_iPad = "UIInterfaceOrientationPortrait UIInterfaceOrientationPortraitUpsideDown UIInterfaceOrientationLandscapeLeft UIInterfaceOrientationLandscapeRight";
				INFOPLIST_KEY_UISupportedInterfaceOrientations_iPhone = "UIInterfaceOrientationPortrait UIInterfaceOrientationLandscapeLeft UIInterfaceOrientationLandscapeRight";
				LD_RUNPATH_SEARCH_PATHS = (
					"$(inherited)",
					"@executable_path/Frameworks",
				);
				MARKETING_VERSION = 1.0;
				PRODUCT_BUNDLE_IDENTIFIER = "plan-with-charity.AliasGame";
				PRODUCT_NAME = "$(TARGET_NAME)";
				SWIFT_EMIT_LOC_STRINGS = YES;
				SWIFT_VERSION = 5.0;
				TARGETED_DEVICE_FAMILY = "1,2";
			};
			name = Debug;
		};
		66F38C722A195E080078BA09 /* Release */ = {
			isa = XCBuildConfiguration;
			buildSettings = {
				ASSETCATALOG_COMPILER_APPICON_NAME = AppIcon;
				ASSETCATALOG_COMPILER_GLOBAL_ACCENT_COLOR_NAME = AccentColor;
				CODE_SIGN_STYLE = Automatic;
				CURRENT_PROJECT_VERSION = 1;
				DEVELOPMENT_ASSET_PATHS = "\"AliasGame/Preview Content\"";
				DEVELOPMENT_TEAM = X65CKATVX3;
				ENABLE_PREVIEWS = YES;
				GENERATE_INFOPLIST_FILE = YES;
				INFOPLIST_KEY_UIApplicationSceneManifest_Generation = YES;
				INFOPLIST_KEY_UIApplicationSupportsIndirectInputEvents = YES;
				INFOPLIST_KEY_UILaunchScreen_Generation = YES;
				INFOPLIST_KEY_UISupportedInterfaceOrientations_iPad = "UIInterfaceOrientationPortrait UIInterfaceOrientationPortraitUpsideDown UIInterfaceOrientationLandscapeLeft UIInterfaceOrientationLandscapeRight";
				INFOPLIST_KEY_UISupportedInterfaceOrientations_iPhone = "UIInterfaceOrientationPortrait UIInterfaceOrientationLandscapeLeft UIInterfaceOrientationLandscapeRight";
				LD_RUNPATH_SEARCH_PATHS = (
					"$(inherited)",
					"@executable_path/Frameworks",
				);
				MARKETING_VERSION = 1.0;
				PRODUCT_BUNDLE_IDENTIFIER = "plan-with-charity.AliasGame";
				PRODUCT_NAME = "$(TARGET_NAME)";
				SWIFT_EMIT_LOC_STRINGS = YES;
				SWIFT_VERSION = 5.0;
				TARGETED_DEVICE_FAMILY = "1,2";
			};
			name = Release;
		};
/* End XCBuildConfiguration section */

/* Begin XCConfigurationList section */
		66F38C5D2A195E060078BA09 /* Build configuration list for PBXProject "AliasGame" */ = {
			isa = XCConfigurationList;
			buildConfigurations = (
				66F38C6E2A195E080078BA09 /* Debug */,
				66F38C6F2A195E080078BA09 /* Release */,
			);
			defaultConfigurationIsVisible = 0;
			defaultConfigurationName = Release;
		};
		66F38C702A195E080078BA09 /* Build configuration list for PBXNativeTarget "AliasGame" */ = {
			isa = XCConfigurationList;
			buildConfigurations = (
				66F38C712A195E080078BA09 /* Debug */,
				66F38C722A195E080078BA09 /* Release */,
			);
			defaultConfigurationIsVisible = 0;
			defaultConfigurationName = Release;
		};
/* End XCConfigurationList section */
	};
	rootObject = 66F38C5A2A195E060078BA09 /* Project object */;
}
